// !$*UTF8*$!
{
	archiveVersion = 1;
	classes = {
	};
	objectVersion = 50;
	objects = {

/* Begin PBXBuildFile section */
		A1E8F4D721529C6F00B25308 /* AppDelegate.swift in Sources */ = {isa = PBXBuildFile; fileRef = A1E8F4D621529C6F00B25308 /* AppDelegate.swift */; };
		A1E8F4D921529C6F00B25308 /* ViewController.swift in Sources */ = {isa = PBXBuildFile; fileRef = A1E8F4D821529C6F00B25308 /* ViewController.swift */; };
		A1E8F4DC21529C6F00B25308 /* Main.storyboard in Resources */ = {isa = PBXBuildFile; fileRef = A1E8F4DA21529C6F00B25308 /* Main.storyboard */; };
		A1E8F4DE21529C7100B25308 /* Assets.xcassets in Resources */ = {isa = PBXBuildFile; fileRef = A1E8F4DD21529C7100B25308 /* Assets.xcassets */; };
		A1E8F4E121529C7100B25308 /* LaunchScreen.storyboard in Resources */ = {isa = PBXBuildFile; fileRef = A1E8F4DF21529C7100B25308 /* LaunchScreen.storyboard */; };
		A1E8F4EC21529C7100B25308 /* TestTests.swift in Sources */ = {isa = PBXBuildFile; fileRef = A1E8F4EB21529C7100B25308 /* TestTests.swift */; };
		A1E8F4F721529C7100B25308 /* TestUITests.swift in Sources */ = {isa = PBXBuildFile; fileRef = A1E8F4F621529C7100B25308 /* TestUITests.swift */; };
/* End PBXBuildFile section */

/* Begin PBXContainerItemProxy section */
		A1E8F4E821529C7100B25308 /* PBXContainerItemProxy */ = {
			isa = PBXContainerItemProxy;
			containerPortal = A1E8F4CB21529C6E00B25308 /* Project object */;
			proxyType = 1;
			remoteGlobalIDString = A1E8F4D221529C6E00B25308;
			remoteInfo = Test;
		};
		A1E8F4F321529C7100B25308 /* PBXContainerItemProxy */ = {
			isa = PBXContainerItemProxy;
			containerPortal = A1E8F4CB21529C6E00B25308 /* Project object */;
			proxyType = 1;
			remoteGlobalIDString = A1E8F4D221529C6E00B25308;
			remoteInfo = Test;
		};
/* End PBXContainerItemProxy section */

/* Begin PBXFileReference section */
		A1E8F4D321529C6E00B25308 /* Test.app */ = {isa = PBXFileReference; explicitFileType = wrapper.application; includeInIndex = 0; path = Test.app; sourceTree = BUILT_PRODUCTS_DIR; };
		A1E8F4D621529C6F00B25308 /* AppDelegate.swift */ = {isa = PBXFileReference; lastKnownFileType = sourcecode.swift; path = AppDelegate.swift; sourceTree = "<group>"; };
		A1E8F4D821529C6F00B25308 /* ViewController.swift */ = {isa = PBXFileReference; lastKnownFileType = sourcecode.swift; path = ViewController.swift; sourceTree = "<group>"; };
		A1E8F4DB21529C6F00B25308 /* Base */ = {isa = PBXFileReference; lastKnownFileType = file.storyboard; name = Base; path = Base.lproj/Main.storyboard; sourceTree = "<group>"; };
		A1E8F4DD21529C7100B25308 /* Assets.xcassets */ = {isa = PBXFileReference; lastKnownFileType = folder.assetcatalog; path = Assets.xcassets; sourceTree = "<group>"; };
		A1E8F4E021529C7100B25308 /* Base */ = {isa = PBXFileReference; lastKnownFileType = file.storyboard; name = Base; path = Base.lproj/LaunchScreen.storyboard; sourceTree = "<group>"; };
		A1E8F4E221529C7100B25308 /* Info.plist */ = {isa = PBXFileReference; lastKnownFileType = text.plist.xml; path = Info.plist; sourceTree = "<group>"; };
		A1E8F4E721529C7100B25308 /* TestTests.xctest */ = {isa = PBXFileReference; explicitFileType = wrapper.cfbundle; includeInIndex = 0; path = TestTests.xctest; sourceTree = BUILT_PRODUCTS_DIR; };
		A1E8F4EB21529C7100B25308 /* TestTests.swift */ = {isa = PBXFileReference; lastKnownFileType = sourcecode.swift; path = TestTests.swift; sourceTree = "<group>"; };
		A1E8F4ED21529C7100B25308 /* Info.plist */ = {isa = PBXFileReference; lastKnownFileType = text.plist.xml; path = Info.plist; sourceTree = "<group>"; };
		A1E8F4F221529C7100B25308 /* TestUITests.xctest */ = {isa = PBXFileReference; explicitFileType = wrapper.cfbundle; includeInIndex = 0; path = TestUITests.xctest; sourceTree = BUILT_PRODUCTS_DIR; };
		A1E8F4F621529C7100B25308 /* TestUITests.swift */ = {isa = PBXFileReference; lastKnownFileType = sourcecode.swift; path = TestUITests.swift; sourceTree = "<group>"; };
		A1E8F4F821529C7100B25308 /* Info.plist */ = {isa = PBXFileReference; lastKnownFileType = text.plist.xml; path = Info.plist; sourceTree = "<group>"; };
/* End PBXFileReference section */

/* Begin PBXFrameworksBuildPhase section */
		A1E8F4D021529C6E00B25308 /* Frameworks */ = {
			isa = PBXFrameworksBuildPhase;
			buildActionMask = 2147483647;
			files = (
			);
			runOnlyForDeploymentPostprocessing = 0;
		};
		A1E8F4E421529C7100B25308 /* Frameworks */ = {
			isa = PBXFrameworksBuildPhase;
			buildActionMask = 2147483647;
			files = (
			);
			runOnlyForDeploymentPostprocessing = 0;
		};
		A1E8F4EF21529C7100B25308 /* Frameworks */ = {
			isa = PBXFrameworksBuildPhase;
			buildActionMask = 2147483647;
			files = (
			);
			runOnlyForDeploymentPostprocessing = 0;
		};
/* End PBXFrameworksBuildPhase section */

/* Begin PBXGroup section */
		A1E8F4CA21529C6E00B25308 = {
			isa = PBXGroup;
			children = (
				A1E8F4D521529C6E00B25308 /* Test */,
				A1E8F4EA21529C7100B25308 /* TestTests */,
				A1E8F4F521529C7100B25308 /* TestUITests */,
				A1E8F4D421529C6E00B25308 /* Products */,
			);
			sourceTree = "<group>";
		};
		A1E8F4D421529C6E00B25308 /* Products */ = {
			isa = PBXGroup;
			children = (
				A1E8F4D321529C6E00B25308 /* Test.app */,
				A1E8F4E721529C7100B25308 /* TestTests.xctest */,
				A1E8F4F221529C7100B25308 /* TestUITests.xctest */,
			);
			name = Products;
			sourceTree = "<group>";
		};
		A1E8F4D521529C6E00B25308 /* Test */ = {
			isa = PBXGroup;
			children = (
				A1E8F4D621529C6F00B25308 /* AppDelegate.swift */,
				A1E8F4D821529C6F00B25308 /* ViewController.swift */,
				A1E8F4DA21529C6F00B25308 /* Main.storyboard */,
				A1E8F4DD21529C7100B25308 /* Assets.xcassets */,
				A1E8F4DF21529C7100B25308 /* LaunchScreen.storyboard */,
				A1E8F4E221529C7100B25308 /* Info.plist */,
			);
			path = Test;
			sourceTree = "<group>";
		};
		A1E8F4EA21529C7100B25308 /* TestTests */ = {
			isa = PBXGroup;
			children = (
				A1E8F4EB21529C7100B25308 /* TestTests.swift */,
				A1E8F4ED21529C7100B25308 /* Info.plist */,
			);
			path = TestTests;
			sourceTree = "<group>";
		};
		A1E8F4F521529C7100B25308 /* TestUITests */ = {
			isa = PBXGroup;
			children = (
				A1E8F4F621529C7100B25308 /* TestUITests.swift */,
				A1E8F4F821529C7100B25308 /* Info.plist */,
			);
			path = TestUITests;
			sourceTree = "<group>";
		};
/* End PBXGroup section */

/* Begin PBXNativeTarget section */
		A1E8F4D221529C6E00B25308 /* Test */ = {
			isa = PBXNativeTarget;
			buildConfigurationList = A1E8F4FB21529C7100B25308 /* Build configuration list for PBXNativeTarget "Test" */;
			buildPhases = (
				A1E8F4CF21529C6E00B25308 /* Sources */,
				A1E8F4D021529C6E00B25308 /* Frameworks */,
				A1E8F4D121529C6E00B25308 /* Resources */,
			);
			buildRules = (
			);
			dependencies = (
			);
			name = Test;
			productName = Test;
			productReference = A1E8F4D321529C6E00B25308 /* Test.app */;
			productType = "com.apple.product-type.application";
		};
		A1E8F4E621529C7100B25308 /* TestTests */ = {
			isa = PBXNativeTarget;
			buildConfigurationList = A1E8F4FE21529C7100B25308 /* Build configuration list for PBXNativeTarget "TestTests" */;
			buildPhases = (
				A1E8F4E321529C7100B25308 /* Sources */,
				A1E8F4E421529C7100B25308 /* Frameworks */,
				A1E8F4E521529C7100B25308 /* Resources */,
			);
			buildRules = (
			);
			dependencies = (
				A1E8F4E921529C7100B25308 /* PBXTargetDependency */,
			);
			name = TestTests;
			productName = TestTests;
			productReference = A1E8F4E721529C7100B25308 /* TestTests.xctest */;
			productType = "com.apple.product-type.bundle.unit-test";
		};
		A1E8F4F121529C7100B25308 /* TestUITests */ = {
			isa = PBXNativeTarget;
			buildConfigurationList = A1E8F50121529C7100B25308 /* Build configuration list for PBXNativeTarget "TestUITests" */;
			buildPhases = (
				A1E8F4EE21529C7100B25308 /* Sources */,
				A1E8F4EF21529C7100B25308 /* Frameworks */,
				A1E8F4F021529C7100B25308 /* Resources */,
			);
			buildRules = (
			);
			dependencies = (
				A1E8F4F421529C7100B25308 /* PBXTargetDependency */,
			);
			name = TestUITests;
			productName = TestUITests;
			productReference = A1E8F4F221529C7100B25308 /* TestUITests.xctest */;
			productType = "com.apple.product-type.bundle.ui-testing";
		};
/* End PBXNativeTarget section */

/* Begin PBXProject section */
		A1E8F4CB21529C6E00B25308 /* Project object */ = {
			isa = PBXProject;
			attributes = {
				LastSwiftUpdateCheck = 1000;
				LastUpgradeCheck = 1000;
				ORGANIZATIONNAME = "Ridvan Kuccuk";
				TargetAttributes = {
					A1E8F4D221529C6E00B25308 = {
						CreatedOnToolsVersion = 10.0;
					};
					A1E8F4E621529C7100B25308 = {
						CreatedOnToolsVersion = 10.0;
						TestTargetID = A1E8F4D221529C6E00B25308;
					};
					A1E8F4F121529C7100B25308 = {
						CreatedOnToolsVersion = 10.0;
						TestTargetID = A1E8F4D221529C6E00B25308;
					};
				};
			};
			buildConfigurationList = A1E8F4CE21529C6E00B25308 /* Build configuration list for PBXProject "Test" */;
			compatibilityVersion = "Xcode 9.3";
			developmentRegion = en;
			hasScannedForEncodings = 0;
			knownRegions = (
				en,
				Base,
			);
			mainGroup = A1E8F4CA21529C6E00B25308;
			productRefGroup = A1E8F4D421529C6E00B25308 /* Products */;
			projectDirPath = "";
			projectRoot = "";
			targets = (
				A1E8F4D221529C6E00B25308 /* Test */,
				A1E8F4E621529C7100B25308 /* TestTests */,
				A1E8F4F121529C7100B25308 /* TestUITests */,
			);
		};
/* End PBXProject section */

/* Begin PBXResourcesBuildPhase section */
		A1E8F4D121529C6E00B25308 /* Resources */ = {
			isa = PBXResourcesBuildPhase;
			buildActionMask = 2147483647;
			files = (
				A1E8F4E121529C7100B25308 /* LaunchScreen.storyboard in Resources */,
				A1E8F4DE21529C7100B25308 /* Assets.xcassets in Resources */,
				A1E8F4DC21529C6F00B25308 /* Main.storyboard in Resources */,
			);
			runOnlyForDeploymentPostprocessing = 0;
		};
		A1E8F4E521529C7100B25308 /* Resources */ = {
			isa = PBXResourcesBuildPhase;
			buildActionMask = 2147483647;
			files = (
			);
			runOnlyForDeploymentPostprocessing = 0;
		};
		A1E8F4F021529C7100B25308 /* Resources */ = {
			isa = PBXResourcesBuildPhase;
			buildActionMask = 2147483647;
			files = (
			);
			runOnlyForDeploymentPostprocessing = 0;
		};
/* End PBXResourcesBuildPhase section */

/* Begin PBXSourcesBuildPhase section */
		A1E8F4CF21529C6E00B25308 /* Sources */ = {
			isa = PBXSourcesBuildPhase;
			buildActionMask = 2147483647;
			files = (
				A1E8F4D921529C6F00B25308 /* ViewController.swift in Sources */,
				A1E8F4D721529C6F00B25308 /* AppDelegate.swift in Sources */,
			);
			runOnlyForDeploymentPostprocessing = 0;
		};
		A1E8F4E321529C7100B25308 /* Sources */ = {
			isa = PBXSourcesBuildPhase;
			buildActionMask = 2147483647;
			files = (
				A1E8F4EC21529C7100B25308 /* TestTests.swift in Sources */,
			);
			runOnlyForDeploymentPostprocessing = 0;
		};
		A1E8F4EE21529C7100B25308 /* Sources */ = {
			isa = PBXSourcesBuildPhase;
			buildActionMask = 2147483647;
			files = (
				A1E8F4F721529C7100B25308 /* TestUITests.swift in Sources */,
			);
			runOnlyForDeploymentPostprocessing = 0;
		};
/* End PBXSourcesBuildPhase section */

/* Begin PBXTargetDependency section */
		A1E8F4E921529C7100B25308 /* PBXTargetDependency */ = {
			isa = PBXTargetDependency;
			target = A1E8F4D221529C6E00B25308 /* Test */;
			targetProxy = A1E8F4E821529C7100B25308 /* PBXContainerItemProxy */;
		};
		A1E8F4F421529C7100B25308 /* PBXTargetDependency */ = {
			isa = PBXTargetDependency;
			target = A1E8F4D221529C6E00B25308 /* Test */;
			targetProxy = A1E8F4F321529C7100B25308 /* PBXContainerItemProxy */;
		};
/* End PBXTargetDependency section */

/* Begin PBXVariantGroup section */
		A1E8F4DA21529C6F00B25308 /* Main.storyboard */ = {
			isa = PBXVariantGroup;
			children = (
				A1E8F4DB21529C6F00B25308 /* Base */,
			);
			name = Main.storyboard;
			sourceTree = "<group>";
		};
		A1E8F4DF21529C7100B25308 /* LaunchScreen.storyboard */ = {
			isa = PBXVariantGroup;
			children = (
				A1E8F4E021529C7100B25308 /* Base */,
			);
			name = LaunchScreen.storyboard;
			sourceTree = "<group>";
		};
/* End PBXVariantGroup section */

/* Begin XCBuildConfiguration section */
		A1E8F4F921529C7100B25308 /* Debug */ = {
			isa = XCBuildConfiguration;
			buildSettings = {
				ALWAYS_SEARCH_USER_PATHS = NO;
				CLANG_ANALYZER_NONNULL = YES;
				CLANG_ANALYZER_NUMBER_OBJECT_CONVERSION = YES_AGGRESSIVE;
				CLANG_CXX_LANGUAGE_STANDARD = "gnu++14";
				CLANG_CXX_LIBRARY = "libc++";
				CLANG_ENABLE_MODULES = YES;
				CLANG_ENABLE_OBJC_ARC = YES;
				CLANG_ENABLE_OBJC_WEAK = YES;
				CLANG_WARN_BLOCK_CAPTURE_AUTORELEASING = YES;
				CLANG_WARN_BOOL_CONVERSION = YES;
				CLANG_WARN_COMMA = YES;
				CLANG_WARN_CONSTANT_CONVERSION = YES;
				CLANG_WARN_DEPRECATED_OBJC_IMPLEMENTATIONS = YES;
				CLANG_WARN_DIRECT_OBJC_ISA_USAGE = YES_ERROR;
				CLANG_WARN_DOCUMENTATION_COMMENTS = YES;
				CLANG_WARN_EMPTY_BODY = YES;
				CLANG_WARN_ENUM_CONVERSION = YES;
				CLANG_WARN_INFINITE_RECURSION = YES;
				CLANG_WARN_INT_CONVERSION = YES;
				CLANG_WARN_NON_LITERAL_NULL_CONVERSION = YES;
				CLANG_WARN_OBJC_IMPLICIT_RETAIN_SELF = YES;
				CLANG_WARN_OBJC_LITERAL_CONVERSION = YES;
				CLANG_WARN_OBJC_ROOT_CLASS = YES_ERROR;
				CLANG_WARN_RANGE_LOOP_ANALYSIS = YES;
				CLANG_WARN_STRICT_PROTOTYPES = YES;
				CLANG_WARN_SUSPICIOUS_MOVE = YES;
				CLANG_WARN_UNGUARDED_AVAILABILITY = YES_AGGRESSIVE;
				CLANG_WARN_UNREACHABLE_CODE = YES;
				CLANG_WARN__DUPLICATE_METHOD_MATCH = YES;
				CODE_SIGN_IDENTITY = "iPhone Developer";
				COPY_PHASE_STRIP = NO;
				DEBUG_INFORMATION_FORMAT = dwarf;
				ENABLE_STRICT_OBJC_MSGSEND = YES;
				ENABLE_TESTABILITY = YES;
				GCC_C_LANGUAGE_STANDARD = gnu11;
				GCC_DYNAMIC_NO_PIC = NO;
				GCC_NO_COMMON_BLOCKS = YES;
				GCC_OPTIMIZATION_LEVEL = 0;
				GCC_PREPROCESSOR_DEFINITIONS = (
					"DEBUG=1",
					"$(inherited)",
				);
				GCC_WARN_64_TO_32_BIT_CONVERSION = YES;
				GCC_WARN_ABOUT_RETURN_TYPE = YES_ERROR;
				GCC_WARN_UNDECLARED_SELECTOR = YES;
				GCC_WARN_UNINITIALIZED_AUTOS = YES_AGGRESSIVE;
				GCC_WARN_UNUSED_FUNCTION = YES;
				GCC_WARN_UNUSED_VARIABLE = YES;
				IPHONEOS_DEPLOYMENT_TARGET = 12.0;
				MTL_ENABLE_DEBUG_INFO = INCLUDE_SOURCE;
				MTL_FAST_MATH = YES;
				ONLY_ACTIVE_ARCH = YES;
				SDKROOT = iphoneos;
				SWIFT_ACTIVE_COMPILATION_CONDITIONS = DEBUG;
				SWIFT_OPTIMIZATION_LEVEL = "-Onone";
			};
			name = Debug;
		};
		A1E8F4FA21529C7100B25308 /* Release */ = {
			isa = XCBuildConfiguration;
			buildSettings = {
				ALWAYS_SEARCH_USER_PATHS = NO;
				CLANG_ANALYZER_NONNULL = YES;
				CLANG_ANALYZER_NUMBER_OBJECT_CONVERSION = YES_AGGRESSIVE;
				CLANG_CXX_LANGUAGE_STANDARD = "gnu++14";
				CLANG_CXX_LIBRARY = "libc++";
				CLANG_ENABLE_MODULES = YES;
				CLANG_ENABLE_OBJC_ARC = YES;
				CLANG_ENABLE_OBJC_WEAK = YES;
				CLANG_WARN_BLOCK_CAPTURE_AUTORELEASING = YES;
				CLANG_WARN_BOOL_CONVERSION = YES;
				CLANG_WARN_COMMA = YES;
				CLANG_WARN_CONSTANT_CONVERSION = YES;
				CLANG_WARN_DEPRECATED_OBJC_IMPLEMENTATIONS = YES;
				CLANG_WARN_DIRECT_OBJC_ISA_USAGE = YES_ERROR;
				CLANG_WARN_DOCUMENTATION_COMMENTS = YES;
				CLANG_WARN_EMPTY_BODY = YES;
				CLANG_WARN_ENUM_CONVERSION = YES;
				CLANG_WARN_INFINITE_RECURSION = YES;
				CLANG_WARN_INT_CONVERSION = YES;
				CLANG_WARN_NON_LITERAL_NULL_CONVERSION = YES;
				CLANG_WARN_OBJC_IMPLICIT_RETAIN_SELF = YES;
				CLANG_WARN_OBJC_LITERAL_CONVERSION = YES;
				CLANG_WARN_OBJC_ROOT_CLASS = YES_ERROR;
				CLANG_WARN_RANGE_LOOP_ANALYSIS = YES;
				CLANG_WARN_STRICT_PROTOTYPES = YES;
				CLANG_WARN_SUSPICIOUS_MOVE = YES;
				CLANG_WARN_UNGUARDED_AVAILABILITY = YES_AGGRESSIVE;
				CLANG_WARN_UNREACHABLE_CODE = YES;
				CLANG_WARN__DUPLICATE_METHOD_MATCH = YES;
				CODE_SIGN_IDENTITY = "iPhone Developer";
				COPY_PHASE_STRIP = NO;
				DEBUG_INFORMATION_FORMAT = "dwarf-with-dsym";
				ENABLE_NS_ASSERTIONS = NO;
				ENABLE_STRICT_OBJC_MSGSEND = YES;
				GCC_C_LANGUAGE_STANDARD = gnu11;
				GCC_NO_COMMON_BLOCKS = YES;
				GCC_WARN_64_TO_32_BIT_CONVERSION = YES;
				GCC_WARN_ABOUT_RETURN_TYPE = YES_ERROR;
				GCC_WARN_UNDECLARED_SELECTOR = YES;
				GCC_WARN_UNINITIALIZED_AUTOS = YES_AGGRESSIVE;
				GCC_WARN_UNUSED_FUNCTION = YES;
				GCC_WARN_UNUSED_VARIABLE = YES;
				IPHONEOS_DEPLOYMENT_TARGET = 12.0;
				MTL_ENABLE_DEBUG_INFO = NO;
				MTL_FAST_MATH = YES;
				SDKROOT = iphoneos;
				SWIFT_COMPILATION_MODE = wholemodule;
				SWIFT_OPTIMIZATION_LEVEL = "-O";
				VALIDATE_PRODUCT = YES;
			};
			name = Release;
		};
		A1E8F4FC21529C7100B25308 /* Debug */ = {
			isa = XCBuildConfiguration;
			buildSettings = {
				ASSETCATALOG_COMPILER_APPICON_NAME = AppIcon;
				CODE_SIGN_STYLE = Automatic;
				INFOPLIST_FILE = Test/Info.plist;
				LD_RUNPATH_SEARCH_PATHS = (
					"$(inherited)",
					"@executable_path/Frameworks",
				);
				PRODUCT_BUNDLE_IDENTIFIER = test.Test;
				PRODUCT_NAME = "$(TARGET_NAME)";
				SWIFT_VERSION = 4.2;
				TARGETED_DEVICE_FAMILY = "1,2";
			};
			name = Debug;
		};
		A1E8F4FD21529C7100B25308 /* Release */ = {
			isa = XCBuildConfiguration;
			buildSettings = {
				ASSETCATALOG_COMPILER_APPICON_NAME = AppIcon;
				CODE_SIGN_STYLE = Automatic;
				INFOPLIST_FILE = Test/Info.plist;
				LD_RUNPATH_SEARCH_PATHS = (
					"$(inherited)",
					"@executable_path/Frameworks",
				);
				PRODUCT_BUNDLE_IDENTIFIER = test.Test;
				PRODUCT_NAME = "$(TARGET_NAME)";
				SWIFT_VERSION = 4.2;
				TARGETED_DEVICE_FAMILY = "1,2";
			};
			name = Release;
		};
		A1E8F4FF21529C7100B25308 /* Debug */ = {
			isa = XCBuildConfiguration;
			buildSettings = {
				ALWAYS_EMBED_SWIFT_STANDARD_LIBRARIES = YES;
				BUNDLE_LOADER = "$(TEST_HOST)";
				CODE_SIGN_STYLE = Automatic;
				INFOPLIST_FILE = TestTests/Info.plist;
				LD_RUNPATH_SEARCH_PATHS = (
					"$(inherited)",
					"@executable_path/Frameworks",
					"@loader_path/Frameworks",
				);
				PRODUCT_BUNDLE_IDENTIFIER = test.TestTests;
				PRODUCT_NAME = "$(TARGET_NAME)";
				SWIFT_VERSION = 4.2;
				TARGETED_DEVICE_FAMILY = "1,2";
				TEST_HOST = "$(BUILT_PRODUCTS_DIR)/Test.app/Test";
			};
			name = Debug;
		};
		A1E8F50021529C7100B25308 /* Release */ = {
			isa = XCBuildConfiguration;
			buildSettings = {
				ALWAYS_EMBED_SWIFT_STANDARD_LIBRARIES = YES;
				BUNDLE_LOADER = "$(TEST_HOST)";
				CODE_SIGN_STYLE = Automatic;
				INFOPLIST_FILE = TestTests/Info.plist;
				LD_RUNPATH_SEARCH_PATHS = (
					"$(inherited)",
					"@executable_path/Frameworks",
					"@loader_path/Frameworks",
				);
				PRODUCT_BUNDLE_IDENTIFIER = test.TestTests;
				PRODUCT_NAME = "$(TARGET_NAME)";
				SWIFT_VERSION = 4.2;
				TARGETED_DEVICE_FAMILY = "1,2";
				TEST_HOST = "$(BUILT_PRODUCTS_DIR)/Test.app/Test";
			};
			name = Release;
		};
		A1E8F50221529C7100B25308 /* Debug */ = {
			isa = XCBuildConfiguration;
			buildSettings = {
				ALWAYS_EMBED_SWIFT_STANDARD_LIBRARIES = YES;
				CODE_SIGN_STYLE = Automatic;
				INFOPLIST_FILE = TestUITests/Info.plist;
				LD_RUNPATH_SEARCH_PATHS = (
					"$(inherited)",
					"@executable_path/Frameworks",
					"@loader_path/Frameworks",
				);
				PRODUCT_BUNDLE_IDENTIFIER = test.TestUITests;
				PRODUCT_NAME = "$(TARGET_NAME)";
				SWIFT_VERSION = 4.2;
				TARGETED_DEVICE_FAMILY = "1,2";
				TEST_TARGET_NAME = Test;
			};
			name = Debug;
		};
		A1E8F50321529C7100B25308 /* Release */ = {
			isa = XCBuildConfiguration;
			buildSettings = {
				ALWAYS_EMBED_SWIFT_STANDARD_LIBRARIES = YES;
				CODE_SIGN_STYLE = Automatic;
				INFOPLIST_FILE = TestUITests/Info.plist;
				LD_RUNPATH_SEARCH_PATHS = (
					"$(inherited)",
					"@executable_path/Frameworks",
					"@loader_path/Frameworks",
				);
				PRODUCT_BUNDLE_IDENTIFIER = test.TestUITests;
				PRODUCT_NAME = "$(TARGET_NAME)";
				SWIFT_VERSION = 4.2;
				TARGETED_DEVICE_FAMILY = "1,2";
				TEST_TARGET_NAME = Test;
			};
			name = Release;
		};
/* End XCBuildConfiguration section */

/* Begin XCConfigurationList section */
		A1E8F4CE21529C6E00B25308 /* Build configuration list for PBXProject "Test" */ = {
			isa = XCConfigurationList;
			buildConfigurations = (
				A1E8F4F921529C7100B25308 /* Debug */,
				A1E8F4FA21529C7100B25308 /* Release */,
			);
			defaultConfigurationIsVisible = 0;
			defaultConfigurationName = Release;
		};
		A1E8F4FB21529C7100B25308 /* Build configuration list for PBXNativeTarget "Test" */ = {
			isa = XCConfigurationList;
			buildConfigurations = (
				A1E8F4FC21529C7100B25308 /* Debug */,
				A1E8F4FD21529C7100B25308 /* Release */,
			);
			defaultConfigurationIsVisible = 0;
			defaultConfigurationName = Release;
		};
		A1E8F4FE21529C7100B25308 /* Build configuration list for PBXNativeTarget "TestTests" */ = {
			isa = XCConfigurationList;
			buildConfigurations = (
				A1E8F4FF21529C7100B25308 /* Debug */,
				A1E8F50021529C7100B25308 /* Release */,
			);
			defaultConfigurationIsVisible = 0;
			defaultConfigurationName = Release;
		};
		A1E8F50121529C7100B25308 /* Build configuration list for PBXNativeTarget "TestUITests" */ = {
			isa = XCConfigurationList;
			buildConfigurations = (
				A1E8F50221529C7100B25308 /* Debug */,
				A1E8F50321529C7100B25308 /* Release */,
			);
			defaultConfigurationIsVisible = 0;
			defaultConfigurationName = Release;
		};
/* End XCConfigurationList section */
	};
	rootObject = A1E8F4CB21529C6E00B25308 /* Project object */;
}
